PODS:
  - PubNub (4.5.3):
    - PubNub/Core (= 4.5.3)
  - PubNub/Core (4.5.3)
  - PubNubPersistence (0.5.0):
    - PubNub

DEPENDENCIES:
  - PubNub
  - PubNubPersistence (from `.`)

EXTERNAL SOURCES:
  PubNubPersistence:
    :path: .

SPEC CHECKSUMS:
  PubNub: 42623b6046ab65bb2ec9c4fb51791d86aa956926
  PubNubPersistence: 34723610b271cd02cc5af9cd93be2ed0417a83bf

PODFILE CHECKSUM: 53993e6e1e6bfc6ba6b7418dce077f4670c8c554

COCOAPODS: 1.0.1
