PODS:
  - CocoaLumberjack (2.3.0):
    - CocoaLumberjack/Default (= 2.3.0)
    - CocoaLumberjack/Extensions (= 2.3.0)
  - CocoaLumberjack/Core (2.3.0)
  - CocoaLumberjack/Default (2.3.0):
    - CocoaLumberjack/Core
  - CocoaLumberjack/Extensions (2.3.0):
    - CocoaLumberjack/Default
  - PubNub (4.3.3):
    - CocoaLumberjack (= 2.3.0)
    - PubNub/Core (= 4.3.3)
  - PubNub/Core (4.3.3):
    - CocoaLumberjack (= 2.3.0)
  - PubNubPersistence (0.1.0):
    - PubNub
    - Realm (~> 1.0.1)
  - Realm (1.0.1):
    - Realm/Headers (= 1.0.1)
  - Realm/Headers (1.0.1)

DEPENDENCIES:
  - PubNub
  - PubNubPersistence (from `.`)

EXTERNAL SOURCES:
  PubNubPersistence:
    :path: .

SPEC CHECKSUMS:
  CocoaLumberjack: 97fab7ee5f507fe54445cca7ea80f926729cfd15
  PubNub: 51acd937c947d931a75d2caef654fd12f7573e09
  PubNubPersistence: 20e2217e53bc1433c4dac13d2f202d38fc765276
  Realm: 2e15e39d35b08abb529e212ed5d8af107b5236c8

PODFILE CHECKSUM: 53993e6e1e6bfc6ba6b7418dce077f4670c8c554

COCOAPODS: 1.0.1
